
Microsoft Visual Studio Solution File, Format Version 12.00
# Visual Studio 15
VisualStudioVersion = 15.0.28307.168
MinimumVisualStudioVersion = 10.0.40219.1
Project("{FAE04EC0-301F-11D3-BF4B-00C04F79EFBC}") = "App_ConsultarCep.Android", "App_ConsultarCep\App_ConsultarCep.Android\App_ConsultarCep.Android.csproj", "{0DDA019D-CBD4-4986-B580-41F1BE45BB99}"
EndProject
Project("{FAE04EC0-301F-11D3-BF4B-00C04F79EFBC}") = "App_ConsultarCep", "App_ConsultarCep\App_ConsultarCep\App_ConsultarCep.csproj", "{015B29B6-7127-4068-8E85-DE7667DFCD7B}"
EndProject
Global
	GlobalSection(SolutionConfigurationPlatforms) = preSolution
		Debug|Any CPU = Debug|Any CPU
		Release|Any CPU = Release|Any CPU
	EndGlobalSection
	GlobalSection(ProjectConfigurationPlatforms) = postSolution
		{0DDA019D-CBD4-4986-B580-41F1BE45BB99}.Debug|Any CPU.ActiveCfg = Debug|Any CPU
		{0DDA019D-CBD4-4986-B580-41F1BE45BB99}.Debug|Any CPU.Build.0 = Debug|Any CPU
		{0DDA019D-CBD4-4986-B580-41F1BE45BB99}.Debug|Any CPU.Deploy.0 = Debug|Any CPU
		{0DDA019D-CBD4-4986-B580-41F1BE45BB99}.Release|Any CPU.ActiveCfg = Release|Any CPU
		{0DDA019D-CBD4-4986-B580-41F1BE45BB99}.Release|Any CPU.Build.0 = Release|Any CPU
		{0DDA019D-CBD4-4986-B580-41F1BE45BB99}.Release|Any CPU.Deploy.0 = Release|Any CPU
		{015B29B6-7127-4068-8E85-DE7667DFCD7B}.Debug|Any CPU.ActiveCfg = Debug|Any CPU
		{015B29B6-7127-4068-8E85-DE7667DFCD7B}.Debug|Any CPU.Build.0 = Debug|Any CPU
		{015B29B6-7127-4068-8E85-DE7667DFCD7B}.Debug|Any CPU.Deploy.0 = Debug|Any CPU
		{015B29B6-7127-4068-8E85-DE7667DFCD7B}.Release|Any CPU.ActiveCfg = Release|Any CPU
		{015B29B6-7127-4068-8E85-DE7667DFCD7B}.Release|Any CPU.Build.0 = Release|Any CPU
		{015B29B6-7127-4068-8E85-DE7667DFCD7B}.Release|Any CPU.Deploy.0 = Release|Any CPU
	EndGlobalSection
	GlobalSection(SolutionProperties) = preSolution
		HideSolutionNode = FALSE
	EndGlobalSection
	GlobalSection(ExtensibilityGlobals) = postSolution
		SolutionGuid = {EB3A1070-0357-40D4-8E07-BEF9BC3ED6B7}
	EndGlobalSection
EndGlobal
